{
  "requires": true,
  "lockfileVersion": 1,
  "dependencies": {
    "echarts": {
      "version": "5.3.3",
      "resolved": "https://registry.npmjs.org/echarts/-/echarts-5.3.3.tgz",
      "integrity": "sha512-BRw2serInRwO5SIwRviZ6Xgm5Lb7irgz+sLiFMmy/HOaf4SQ+7oYqxKzRHAKp4xHQ05AuHw1xvoQWJjDQq/FGw==",
      "requires": {
        "tslib": "2.3.0",
        "zrender": "5.3.2"
      }
    },
    "html5-qrcode": {
      "version": "2.2.1",
      "resolved": "https://registry.npmjs.org/html5-qrcode/-/html5-qrcode-2.2.1.tgz",
      "integrity": "sha512-itYnSlSxC3gNRe825mUkKaMzlmevLc4hpH2XLlhCdiEYIE3aMdQUr1XjQ9/zk7NuRMcYRerlbCaMKM+Z66KpSg=="
    },
    "moment": {
      "version": "2.29.3",
      "resolved": "https://registry.npmjs.org/moment/-/moment-2.29.3.tgz",
      "integrity": "sha512-c6YRvhEo//6T2Jz/vVtYzqBzwvPT95JBQ+smCytzf7c50oMZRsR/a4w88aD34I+/QVSfnoAnSBFPJHItlOMJVw=="
    },
    "tslib": {
      "version": "2.3.0",
      "resolved": "https://registry.npmjs.org/tslib/-/tslib-2.3.0.tgz",
      "integrity": "sha512-N82ooyxVNm6h1riLCoyS9e3fuJ3AMG2zIZs2Gd1ATcSFjSA23Q0fzjjZeh0jbJvWVDZ0cJT8yaNNaaXHzueNjg=="
    },
    "zrender": {
      "version": "5.3.2",
      "resolved": "https://registry.npmjs.org/zrender/-/zrender-5.3.2.tgz",
      "integrity": "sha512-8IiYdfwHj2rx0UeIGZGGU4WEVSDEdeVCaIg/fomejg1Xu6OifAL1GVzIPHg2D+MyUkbNgPWji90t0a8IDk+39w==",
      "requires": {
        "tslib": "2.3.0"
      }
    }
  }
}
